
Microsoft Visual Studio Solution File, Format Version 12.00
# Visual Studio Version 17
VisualStudioVersion = 17.0.31903.59
MinimumVisualStudioVersion = 10.0.40219.1
Project("{2150E333-8FDC-42A3-9474-1A3956D46DE8}") = "src", "src", "{827E0CD3-B72D-47B6-A68D-7590B98EB39B}"
EndProject
Project("{FAE04EC0-301F-11D3-BF4B-00C04F79EFBC}") = "SmartDocAI.Web", "src\SmartDocAI.Web\SmartDocAI.Web.csproj", "{B9490EC7-4CC6-4F73-A7E2-64D8D42DD0C8}"
EndProject
Project("{FAE04EC0-301F-11D3-BF4B-00C04F79EFBC}") = "SmartDocAI.Application", "src\SmartDocAI.Application\SmartDocAI.Application.csproj", "{F72B25A3-7964-48ED-9D39-E033F98E1A15}"
EndProject
Project("{FAE04EC0-301F-11D3-BF4B-00C04F79EFBC}") = "SmartDocAI.Domain", "src\SmartDocAI.Domain\SmartDocAI.Domain.csproj", "{CE2F4CF8-EBBF-4F3D-B54C-62D3DD3918C5}"
EndProject
Project("{FAE04EC0-301F-11D3-BF4B-00C04F79EFBC}") = "SmartDocAI.Infrastructure", "src\SmartDocAI.Infrastructure\SmartDocAI.Infrastructure.csproj", "{2DDFD2A0-853B-4002-9016-91006DC35ACD}"
EndProject
Project("{FAE04EC0-301F-11D3-BF4B-00C04F79EFBC}") = "SmartDocAI.Tests", "src\SmartDocAI.Tests\SmartDocAI.Tests.csproj", "{DC0E2E0A-30B7-4629-AE1C-576CD01BF14C}"
EndProject
Global
	GlobalSection(SolutionConfigurationPlatforms) = preSolution
		Debug|Any CPU = Debug|Any CPU
		Debug|x64 = Debug|x64
		Debug|x86 = Debug|x86
		Release|Any CPU = Release|Any CPU
		Release|x64 = Release|x64
		Release|x86 = Release|x86
	EndGlobalSection
	GlobalSection(ProjectConfigurationPlatforms) = postSolution
		{B9490EC7-4CC6-4F73-A7E2-64D8D42DD0C8}.Debug|Any CPU.ActiveCfg = Debug|Any CPU
		{B9490EC7-4CC6-4F73-A7E2-64D8D42DD0C8}.Debug|Any CPU.Build.0 = Debug|Any CPU
		{B9490EC7-4CC6-4F73-A7E2-64D8D42DD0C8}.Debug|x64.ActiveCfg = Debug|Any CPU
		{B9490EC7-4CC6-4F73-A7E2-64D8D42DD0C8}.Debug|x64.Build.0 = Debug|Any CPU
		{B9490EC7-4CC6-4F73-A7E2-64D8D42DD0C8}.Debug|x86.ActiveCfg = Debug|Any CPU
		{B9490EC7-4CC6-4F73-A7E2-64D8D42DD0C8}.Debug|x86.Build.0 = Debug|Any CPU
		{B9490EC7-4CC6-4F73-A7E2-64D8D42DD0C8}.Release|Any CPU.ActiveCfg = Release|Any CPU
		{B9490EC7-4CC6-4F73-A7E2-64D8D42DD0C8}.Release|Any CPU.Build.0 = Release|Any CPU
		{B9490EC7-4CC6-4F73-A7E2-64D8D42DD0C8}.Release|x64.ActiveCfg = Release|Any CPU
		{B9490EC7-4CC6-4F73-A7E2-64D8D42DD0C8}.Release|x64.Build.0 = Release|Any CPU
		{B9490EC7-4CC6-4F73-A7E2-64D8D42DD0C8}.Release|x86.ActiveCfg = Release|Any CPU
		{B9490EC7-4CC6-4F73-A7E2-64D8D42DD0C8}.Release|x86.Build.0 = Release|Any CPU
		{F72B25A3-7964-48ED-9D39-E033F98E1A15}.Debug|Any CPU.ActiveCfg = Debug|Any CPU
		{F72B25A3-7964-48ED-9D39-E033F98E1A15}.Debug|Any CPU.Build.0 = Debug|Any CPU
		{F72B25A3-7964-48ED-9D39-E033F98E1A15}.Debug|x64.ActiveCfg = Debug|Any CPU
		{F72B25A3-7964-48ED-9D39-E033F98E1A15}.Debug|x64.Build.0 = Debug|Any CPU
		{F72B25A3-7964-48ED-9D39-E033F98E1A15}.Debug|x86.ActiveCfg = Debug|Any CPU
		{F72B25A3-7964-48ED-9D39-E033F98E1A15}.Debug|x86.Build.0 = Debug|Any CPU
		{F72B25A3-7964-48ED-9D39-E033F98E1A15}.Release|Any CPU.ActiveCfg = Release|Any CPU
		{F72B25A3-7964-48ED-9D39-E033F98E1A15}.Release|Any CPU.Build.0 = Release|Any CPU
		{F72B25A3-7964-48ED-9D39-E033F98E1A15}.Release|x64.ActiveCfg = Release|Any CPU
		{F72B25A3-7964-48ED-9D39-E033F98E1A15}.Release|x64.Build.0 = Release|Any CPU
		{F72B25A3-7964-48ED-9D39-E033F98E1A15}.Release|x86.ActiveCfg = Release|Any CPU
		{F72B25A3-7964-48ED-9D39-E033F98E1A15}.Release|x86.Build.0 = Release|Any CPU
		{CE2F4CF8-EBBF-4F3D-B54C-62D3DD3918C5}.Debug|Any CPU.ActiveCfg = Debug|Any CPU
		{CE2F4CF8-EBBF-4F3D-B54C-62D3DD3918C5}.Debug|Any CPU.Build.0 = Debug|Any CPU
		{CE2F4CF8-EBBF-4F3D-B54C-62D3DD3918C5}.Debug|x64.ActiveCfg = Debug|Any CPU
		{CE2F4CF8-EBBF-4F3D-B54C-62D3DD3918C5}.Debug|x64.Build.0 = Debug|Any CPU
		{CE2F4CF8-EBBF-4F3D-B54C-62D3DD3918C5}.Debug|x86.ActiveCfg = Debug|Any CPU
		{CE2F4CF8-EBBF-4F3D-B54C-62D3DD3918C5}.Debug|x86.Build.0 = Debug|Any CPU
		{CE2F4CF8-EBBF-4F3D-B54C-62D3DD3918C5}.Release|Any CPU.ActiveCfg = Release|Any CPU
		{CE2F4CF8-EBBF-4F3D-B54C-62D3DD3918C5}.Release|Any CPU.Build.0 = Release|Any CPU
		{CE2F4CF8-EBBF-4F3D-B54C-62D3DD3918C5}.Release|x64.ActiveCfg = Release|Any CPU
		{CE2F4CF8-EBBF-4F3D-B54C-62D3DD3918C5}.Release|x64.Build.0 = Release|Any CPU
		{CE2F4CF8-EBBF-4F3D-B54C-62D3DD3918C5}.Release|x86.ActiveCfg = Release|Any CPU
		{CE2F4CF8-EBBF-4F3D-B54C-62D3DD3918C5}.Release|x86.Build.0 = Release|Any CPU
		{2DDFD2A0-853B-4002-9016-91006DC35ACD}.Debug|Any CPU.ActiveCfg = Debug|Any CPU
		{2DDFD2A0-853B-4002-9016-91006DC35ACD}.Debug|Any CPU.Build.0 = Debug|Any CPU
		{2DDFD2A0-853B-4002-9016-91006DC35ACD}.Debug|x64.ActiveCfg = Debug|Any CPU
		{2DDFD2A0-853B-4002-9016-91006DC35ACD}.Debug|x64.Build.0 = Debug|Any CPU
		{2DDFD2A0-853B-4002-9016-91006DC35ACD}.Debug|x86.ActiveCfg = Debug|Any CPU
		{2DDFD2A0-853B-4002-9016-91006DC35ACD}.Debug|x86.Build.0 = Debug|Any CPU
		{2DDFD2A0-853B-4002-9016-91006DC35ACD}.Release|Any CPU.ActiveCfg = Release|Any CPU
		{2DDFD2A0-853B-4002-9016-91006DC35ACD}.Release|Any CPU.Build.0 = Release|Any CPU
		{2DDFD2A0-853B-4002-9016-91006DC35ACD}.Release|x64.ActiveCfg = Release|Any CPU
		{2DDFD2A0-853B-4002-9016-91006DC35ACD}.Release|x64.Build.0 = Release|Any CPU
		{2DDFD2A0-853B-4002-9016-91006DC35ACD}.Release|x86.ActiveCfg = Release|Any CPU
		{2DDFD2A0-853B-4002-9016-91006DC35ACD}.Release|x86.Build.0 = Release|Any CPU
		{DC0E2E0A-30B7-4629-AE1C-576CD01BF14C}.Debug|Any CPU.ActiveCfg = Debug|Any CPU
		{DC0E2E0A-30B7-4629-AE1C-576CD01BF14C}.Debug|Any CPU.Build.0 = Debug|Any CPU
		{DC0E2E0A-30B7-4629-AE1C-576CD01BF14C}.Debug|x64.ActiveCfg = Debug|Any CPU
		{DC0E2E0A-30B7-4629-AE1C-576CD01BF14C}.Debug|x64.Build.0 = Debug|Any CPU
		{DC0E2E0A-30B7-4629-AE1C-576CD01BF14C}.Debug|x86.ActiveCfg = Debug|Any CPU
		{DC0E2E0A-30B7-4629-AE1C-576CD01BF14C}.Debug|x86.Build.0 = Debug|Any CPU
		{DC0E2E0A-30B7-4629-AE1C-576CD01BF14C}.Release|Any CPU.ActiveCfg = Release|Any CPU
		{DC0E2E0A-30B7-4629-AE1C-576CD01BF14C}.Release|Any CPU.Build.0 = Release|Any CPU
		{DC0E2E0A-30B7-4629-AE1C-576CD01BF14C}.Release|x64.ActiveCfg = Release|Any CPU
		{DC0E2E0A-30B7-4629-AE1C-576CD01BF14C}.Release|x64.Build.0 = Release|Any CPU
		{DC0E2E0A-30B7-4629-AE1C-576CD01BF14C}.Release|x86.ActiveCfg = Release|Any CPU
		{DC0E2E0A-30B7-4629-AE1C-576CD01BF14C}.Release|x86.Build.0 = Release|Any CPU
	EndGlobalSection
	GlobalSection(SolutionProperties) = preSolution
		HideSolutionNode = FALSE
	EndGlobalSection
	GlobalSection(NestedProjects) = preSolution
		{B9490EC7-4CC6-4F73-A7E2-64D8D42DD0C8} = {827E0CD3-B72D-47B6-A68D-7590B98EB39B}
		{F72B25A3-7964-48ED-9D39-E033F98E1A15} = {827E0CD3-B72D-47B6-A68D-7590B98EB39B}
		{CE2F4CF8-EBBF-4F3D-B54C-62D3DD3918C5} = {827E0CD3-B72D-47B6-A68D-7590B98EB39B}
		{2DDFD2A0-853B-4002-9016-91006DC35ACD} = {827E0CD3-B72D-47B6-A68D-7590B98EB39B}
		{DC0E2E0A-30B7-4629-AE1C-576CD01BF14C} = {827E0CD3-B72D-47B6-A68D-7590B98EB39B}
	EndGlobalSection
EndGlobal
